
Microsoft Visual Studio Solution File, Format Version 12.00
# Visual Studio Version 17
VisualStudioVersion = 17.2.32616.157
MinimumVisualStudioVersion = 10.0.40219.1
Project("{9A19103F-16F7-4668-BE54-9A1E7A4F7556}") = "Kingdee.CDP.WebApi.SDK.Test", "Kingdee.CDP.WebApi.SDK.Test.csproj", "{96E67CA3-77A2-44ED-B640-AD6816355F6C}"
EndProject
Global
	GlobalSection(SolutionConfigurationPlatforms) = preSolution
		Debug|Any CPU = Debug|Any CPU
		Release|Any CPU = Release|Any CPU
	EndGlobalSection
	GlobalSection(ProjectConfigurationPlatforms) = postSolution
		{96E67CA3-77A2-44ED-B640-AD6816355F6C}.Debug|Any CPU.ActiveCfg = Debug|Any CPU
		{96E67CA3-77A2-44ED-B640-AD6816355F6C}.Debug|Any CPU.Build.0 = Debug|Any CPU
		{96E67CA3-77A2-44ED-B640-AD6816355F6C}.Release|Any CPU.ActiveCfg = Release|Any CPU
		{96E67CA3-77A2-44ED-B640-AD6816355F6C}.Release|Any CPU.Build.0 = Release|Any CPU
	EndGlobalSection
	GlobalSection(SolutionProperties) = preSolution
		HideSolutionNode = FALSE
	EndGlobalSection
	GlobalSection(ExtensibilityGlobals) = postSolution
		SolutionGuid = {81330B43-2B7C-4799-85CC-4AAA471CF54A}
	EndGlobalSection
EndGlobal
