
Microsoft Visual Studio Solution File, Format Version 12.00
Project("{FAE04EC0-301F-11D3-BF4B-00C04F79EFBC}") = "Kingdee.Demo.Client", "Kingdee.Demo.Client\Kingdee.Demo.Client.csproj", "{34D167C1-3E95-406F-82C2-0212CB6210A8}"
EndProject
Global
	GlobalSection(SolutionConfigurationPlatforms) = preSolution
		Debug|Any CPU = Debug|Any CPU
		Release|Any CPU = Release|Any CPU
	EndGlobalSection
	GlobalSection(ProjectConfigurationPlatforms) = postSolution
		{34D167C1-3E95-406F-82C2-0212CB6210A8}.Debug|Any CPU.ActiveCfg = Debug|Any CPU
		{34D167C1-3E95-406F-82C2-0212CB6210A8}.Debug|Any CPU.Build.0 = Debug|Any CPU
		{34D167C1-3E95-406F-82C2-0212CB6210A8}.Release|Any CPU.ActiveCfg = Release|Any CPU
		{34D167C1-3E95-406F-82C2-0212CB6210A8}.Release|Any CPU.Build.0 = Release|Any CPU
	EndGlobalSection
EndGlobal
